// !$*UTF8*$!
{
	archiveVersion = 1;
	classes = {
	};
	objectVersion = 50;
	objects = {

/* Begin PBXBuildFile section */
		17E0711F2494B2CD0074069F /* AppDelegate.swift in Sources */ = {isa = PBXBuildFile; fileRef = 17E0711E2494B2CD0074069F /* AppDelegate.swift */; };
		17E071212494B2CD0074069F /* SceneDelegate.swift in Sources */ = {isa = PBXBuildFile; fileRef = 17E071202494B2CD0074069F /* SceneDelegate.swift */; };
		17E071232494B2CD0074069F /* ViewController.swift in Sources */ = {isa = PBXBuildFile; fileRef = 17E071222494B2CD0074069F /* ViewController.swift */; };
		17E071262494B2CD0074069F /* Main.storyboard in Resources */ = {isa = PBXBuildFile; fileRef = 17E071242494B2CD0074069F /* Main.storyboard */; };
		17E071282494B2D10074069F /* Assets.xcassets in Resources */ = {isa = PBXBuildFile; fileRef = 17E071272494B2D10074069F /* Assets.xcassets */; };
		17E0712B2494B2D10074069F /* LaunchScreen.storyboard in Resources */ = {isa = PBXBuildFile; fileRef = 17E071292494B2D10074069F /* LaunchScreen.storyboard */; };
		17E071352494B3630074069F /* GradientProgressView.swift in Sources */ = {isa = PBXBuildFile; fileRef = 17E071342494B3630074069F /* GradientProgressView.swift */; };
/* End PBXBuildFile section */

/* Begin PBXFileReference section */
		17E0711B2494B2CD0074069F /* GradientProgressViewExample.app */ = {isa = PBXFileReference; explicitFileType = wrapper.application; includeInIndex = 0; path = GradientProgressViewExample.app; sourceTree = BUILT_PRODUCTS_DIR; };
		17E0711E2494B2CD0074069F /* AppDelegate.swift */ = {isa = PBXFileReference; lastKnownFileType = sourcecode.swift; path = AppDelegate.swift; sourceTree = "<group>"; };
		17E071202494B2CD0074069F /* SceneDelegate.swift */ = {isa = PBXFileReference; lastKnownFileType = sourcecode.swift; path = SceneDelegate.swift; sourceTree = "<group>"; };
		17E071222494B2CD0074069F /* ViewController.swift */ = {isa = PBXFileReference; lastKnownFileType = sourcecode.swift; path = ViewController.swift; sourceTree = "<group>"; };
		17E071252494B2CD0074069F /* Base */ = {isa = PBXFileReference; lastKnownFileType = file.storyboard; name = Base; path = Base.lproj/Main.storyboard; sourceTree = "<group>"; };
		17E071272494B2D10074069F /* Assets.xcassets */ = {isa = PBXFileReference; lastKnownFileType = folder.assetcatalog; path = Assets.xcassets; sourceTree = "<group>"; };
		17E0712A2494B2D10074069F /* Base */ = {isa = PBXFileReference; lastKnownFileType = file.storyboard; name = Base; path = Base.lproj/LaunchScreen.storyboard; sourceTree = "<group>"; };
		17E0712C2494B2D10074069F /* Info.plist */ = {isa = PBXFileReference; lastKnownFileType = text.plist.xml; path = Info.plist; sourceTree = "<group>"; };
		17E071342494B3630074069F /* GradientProgressView.swift */ = {isa = PBXFileReference; lastKnownFileType = sourcecode.swift; name = GradientProgressView.swift; path = Sources/GradientProgressView.swift; sourceTree = SOURCE_ROOT; };
/* End PBXFileReference section */

/* Begin PBXFrameworksBuildPhase section */
		17E071182494B2CD0074069F /* Frameworks */ = {
			isa = PBXFrameworksBuildPhase;
			buildActionMask = 2147483647;
			files = (
			);
			runOnlyForDeploymentPostprocessing = 0;
		};
/* End PBXFrameworksBuildPhase section */

/* Begin PBXGroup section */
		17E071122494B2CD0074069F = {
			isa = PBXGroup;
			children = (
				17E0711D2494B2CD0074069F /* GradientProgressViewExample */,
				17E0711C2494B2CD0074069F /* Products */,
			);
			sourceTree = "<group>";
		};
		17E0711C2494B2CD0074069F /* Products */ = {
			isa = PBXGroup;
			children = (
				17E0711B2494B2CD0074069F /* GradientProgressViewExample.app */,
			);
			name = Products;
			sourceTree = "<group>";
		};
		17E0711D2494B2CD0074069F /* GradientProgressViewExample */ = {
			isa = PBXGroup;
			children = (
				17E071332494B33E0074069F /* Sources */,
				17E0711E2494B2CD0074069F /* AppDelegate.swift */,
				17E071202494B2CD0074069F /* SceneDelegate.swift */,
				17E071222494B2CD0074069F /* ViewController.swift */,
				17E071242494B2CD0074069F /* Main.storyboard */,
				17E071272494B2D10074069F /* Assets.xcassets */,
				17E071292494B2D10074069F /* LaunchScreen.storyboard */,
				17E0712C2494B2D10074069F /* Info.plist */,
			);
			path = GradientProgressViewExample;
			sourceTree = "<group>";
		};
		17E071332494B33E0074069F /* Sources */ = {
			isa = PBXGroup;
			children = (
				17E071342494B3630074069F /* GradientProgressView.swift */,
			);
			name = Sources;
			sourceTree = "<group>";
		};
/* End PBXGroup section */

/* Begin PBXNativeTarget section */
		17E0711A2494B2CD0074069F /* GradientProgressViewExample */ = {
			isa = PBXNativeTarget;
			buildConfigurationList = 17E0712F2494B2D10074069F /* Build configuration list for PBXNativeTarget "GradientProgressViewExample" */;
			buildPhases = (
				17E071172494B2CD0074069F /* Sources */,
				17E071182494B2CD0074069F /* Frameworks */,
				17E071192494B2CD0074069F /* Resources */,
			);
			buildRules = (
			);
			dependencies = (
			);
			name = GradientProgressViewExample;
			productName = GradientProgressViewExample;
			productReference = 17E0711B2494B2CD0074069F /* GradientProgressViewExample.app */;
			productType = "com.apple.product-type.application";
		};
/* End PBXNativeTarget section */

/* Begin PBXProject section */
		17E071132494B2CD0074069F /* Project object */ = {
			isa = PBXProject;
			attributes = {
				LastSwiftUpdateCheck = 1150;
				LastUpgradeCheck = 1150;
				ORGANIZATIONNAME = carefree;
				TargetAttributes = {
					17E0711A2494B2CD0074069F = {
						CreatedOnToolsVersion = 11.5;
					};
				};
			};
			buildConfigurationList = 17E071162494B2CD0074069F /* Build configuration list for PBXProject "GradientProgressViewExample" */;
			compatibilityVersion = "Xcode 9.3";
			developmentRegion = en;
			hasScannedForEncodings = 0;
			knownRegions = (
				en,
				Base,
			);
			mainGroup = 17E071122494B2CD0074069F;
			productRefGroup = 17E0711C2494B2CD0074069F /* Products */;
			projectDirPath = "";
			projectRoot = "";
			targets = (
				17E0711A2494B2CD0074069F /* GradientProgressViewExample */,
			);
		};
/* End PBXProject section */

/* Begin PBXResourcesBuildPhase section */
		17E071192494B2CD0074069F /* Resources */ = {
			isa = PBXResourcesBuildPhase;
			buildActionMask = 2147483647;
			files = (
				17E0712B2494B2D10074069F /* LaunchScreen.storyboard in Resources */,
				17E071282494B2D10074069F /* Assets.xcassets in Resources */,
				17E071262494B2CD0074069F /* Main.storyboard in Resources */,
			);
			runOnlyForDeploymentPostprocessing = 0;
		};
/* End PBXResourcesBuildPhase section */

/* Begin PBXSourcesBuildPhase section */
		17E071172494B2CD0074069F /* Sources */ = {
			isa = PBXSourcesBuildPhase;
			buildActionMask = 2147483647;
			files = (
				17E071232494B2CD0074069F /* ViewController.swift in Sources */,
				17E0711F2494B2CD0074069F /* AppDelegate.swift in Sources */,
				17E071212494B2CD0074069F /* SceneDelegate.swift in Sources */,
				17E071352494B3630074069F /* GradientProgressView.swift in Sources */,
			);
			runOnlyForDeploymentPostprocessing = 0;
		};
/* End PBXSourcesBuildPhase section */

/* Begin PBXVariantGroup section */
		17E071242494B2CD0074069F /* Main.storyboard */ = {
			isa = PBXVariantGroup;
			children = (
				17E071252494B2CD0074069F /* Base */,
			);
			name = Main.storyboard;
			sourceTree = "<group>";
		};
		17E071292494B2D10074069F /* LaunchScreen.storyboard */ = {
			isa = PBXVariantGroup;
			children = (
				17E0712A2494B2D10074069F /* Base */,
			);
			name = LaunchScreen.storyboard;
			sourceTree = "<group>";
		};
/* End PBXVariantGroup section */

/* Begin XCBuildConfiguration section */
		17E0712D2494B2D10074069F /* Debug */ = {
			isa = XCBuildConfiguration;
			buildSettings = {
				ALWAYS_SEARCH_USER_PATHS = NO;
				CLANG_ANALYZER_NONNULL = YES;
				CLANG_ANALYZER_NUMBER_OBJECT_CONVERSION = YES_AGGRESSIVE;
				CLANG_CXX_LANGUAGE_STANDARD = "gnu++14";
				CLANG_CXX_LIBRARY = "libc++";
				CLANG_ENABLE_MODULES = YES;
				CLANG_ENABLE_OBJC_ARC = YES;
				CLANG_ENABLE_OBJC_WEAK = YES;
				CLANG_WARN_BLOCK_CAPTURE_AUTORELEASING = YES;
				CLANG_WARN_BOOL_CONVERSION = YES;
				CLANG_WARN_COMMA = YES;
				CLANG_WARN_CONSTANT_CONVERSION = YES;
				CLANG_WARN_DEPRECATED_OBJC_IMPLEMENTATIONS = YES;
				CLANG_WARN_DIRECT_OBJC_ISA_USAGE = YES_ERROR;
				CLANG_WARN_DOCUMENTATION_COMMENTS = YES;
				CLANG_WARN_EMPTY_BODY = YES;
				CLANG_WARN_ENUM_CONVERSION = YES;
				CLANG_WARN_INFINITE_RECURSION = YES;
				CLANG_WARN_INT_CONVERSION = YES;
				CLANG_WARN_NON_LITERAL_NULL_CONVERSION = YES;
				CLANG_WARN_OBJC_IMPLICIT_RETAIN_SELF = YES;
				CLANG_WARN_OBJC_LITERAL_CONVERSION = YES;
				CLANG_WARN_OBJC_ROOT_CLASS = YES_ERROR;
				CLANG_WARN_RANGE_LOOP_ANALYSIS = YES;
				CLANG_WARN_STRICT_PROTOTYPES = YES;
				CLANG_WARN_SUSPICIOUS_MOVE = YES;
				CLANG_WARN_UNGUARDED_AVAILABILITY = YES_AGGRESSIVE;
				CLANG_WARN_UNREACHABLE_CODE = YES;
				CLANG_WARN__DUPLICATE_METHOD_MATCH = YES;
				COPY_PHASE_STRIP = NO;
				DEBUG_INFORMATION_FORMAT = dwarf;
				ENABLE_STRICT_OBJC_MSGSEND = YES;
				ENABLE_TESTABILITY = YES;
				GCC_C_LANGUAGE_STANDARD = gnu11;
				GCC_DYNAMIC_NO_PIC = NO;
				GCC_NO_COMMON_BLOCKS = YES;
				GCC_OPTIMIZATION_LEVEL = 0;
				GCC_PREPROCESSOR_DEFINITIONS = (
					"DEBUG=1",
					"$(inherited)",
				);
				GCC_WARN_64_TO_32_BIT_CONVERSION = YES;
				GCC_WARN_ABOUT_RETURN_TYPE = YES_ERROR;
				GCC_WARN_UNDECLARED_SELECTOR = YES;
				GCC_WARN_UNINITIALIZED_AUTOS = YES_AGGRESSIVE;
				GCC_WARN_UNUSED_FUNCTION = YES;
				GCC_WARN_UNUSED_VARIABLE = YES;
				IPHONEOS_DEPLOYMENT_TARGET = 13.5;
				MTL_ENABLE_DEBUG_INFO = INCLUDE_SOURCE;
				MTL_FAST_MATH = YES;
				ONLY_ACTIVE_ARCH = YES;
				SDKROOT = iphoneos;
				SWIFT_ACTIVE_COMPILATION_CONDITIONS = DEBUG;
				SWIFT_OPTIMIZATION_LEVEL = "-Onone";
			};
			name = Debug;
		};
		17E0712E2494B2D10074069F /* Release */ = {
			isa = XCBuildConfiguration;
			buildSettings = {
				ALWAYS_SEARCH_USER_PATHS = NO;
				CLANG_ANALYZER_NONNULL = YES;
				CLANG_ANALYZER_NUMBER_OBJECT_CONVERSION = YES_AGGRESSIVE;
				CLANG_CXX_LANGUAGE_STANDARD = "gnu++14";
				CLANG_CXX_LIBRARY = "libc++";
				CLANG_ENABLE_MODULES = YES;
				CLANG_ENABLE_OBJC_ARC = YES;
				CLANG_ENABLE_OBJC_WEAK = YES;
				CLANG_WARN_BLOCK_CAPTURE_AUTORELEASING = YES;
				CLANG_WARN_BOOL_CONVERSION = YES;
				CLANG_WARN_COMMA = YES;
				CLANG_WARN_CONSTANT_CONVERSION = YES;
				CLANG_WARN_DEPRECATED_OBJC_IMPLEMENTATIONS = YES;
				CLANG_WARN_DIRECT_OBJC_ISA_USAGE = YES_ERROR;
				CLANG_WARN_DOCUMENTATION_COMMENTS = YES;
				CLANG_WARN_EMPTY_BODY = YES;
				CLANG_WARN_ENUM_CONVERSION = YES;
				CLANG_WARN_INFINITE_RECURSION = YES;
				CLANG_WARN_INT_CONVERSION = YES;
				CLANG_WARN_NON_LITERAL_NULL_CONVERSION = YES;
				CLANG_WARN_OBJC_IMPLICIT_RETAIN_SELF = YES;
				CLANG_WARN_OBJC_LITERAL_CONVERSION = YES;
				CLANG_WARN_OBJC_ROOT_CLASS = YES_ERROR;
				CLANG_WARN_RANGE_LOOP_ANALYSIS = YES;
				CLANG_WARN_STRICT_PROTOTYPES = YES;
				CLANG_WARN_SUSPICIOUS_MOVE = YES;
				CLANG_WARN_UNGUARDED_AVAILABILITY = YES_AGGRESSIVE;
				CLANG_WARN_UNREACHABLE_CODE = YES;
				CLANG_WARN__DUPLICATE_METHOD_MATCH = YES;
				COPY_PHASE_STRIP = NO;
				DEBUG_INFORMATION_FORMAT = "dwarf-with-dsym";
				ENABLE_NS_ASSERTIONS = NO;
				ENABLE_STRICT_OBJC_MSGSEND = YES;
				GCC_C_LANGUAGE_STANDARD = gnu11;
				GCC_NO_COMMON_BLOCKS = YES;
				GCC_WARN_64_TO_32_BIT_CONVERSION = YES;
				GCC_WARN_ABOUT_RETURN_TYPE = YES_ERROR;
				GCC_WARN_UNDECLARED_SELECTOR = YES;
				GCC_WARN_UNINITIALIZED_AUTOS = YES_AGGRESSIVE;
				GCC_WARN_UNUSED_FUNCTION = YES;
				GCC_WARN_UNUSED_VARIABLE = YES;
				IPHONEOS_DEPLOYMENT_TARGET = 13.5;
				MTL_ENABLE_DEBUG_INFO = NO;
				MTL_FAST_MATH = YES;
				SDKROOT = iphoneos;
				SWIFT_COMPILATION_MODE = wholemodule;
				SWIFT_OPTIMIZATION_LEVEL = "-O";
				VALIDATE_PRODUCT = YES;
			};
			name = Release;
		};
		17E071302494B2D10074069F /* Debug */ = {
			isa = XCBuildConfiguration;
			buildSettings = {
				ASSETCATALOG_COMPILER_APPICON_NAME = AppIcon;
				CODE_SIGN_STYLE = Automatic;
				INFOPLIST_FILE = GradientProgressViewExample/Info.plist;
				LD_RUNPATH_SEARCH_PATHS = (
					"$(inherited)",
					"@executable_path/Frameworks",
				);
				PRODUCT_BUNDLE_IDENTIFIER = com.carefree.GradientProgressViewExample;
				PRODUCT_NAME = "$(TARGET_NAME)";
				SWIFT_VERSION = 5.0;
				TARGETED_DEVICE_FAMILY = "1,2";
			};
			name = Debug;
		};
		17E071312494B2D10074069F /* Release */ = {
			isa = XCBuildConfiguration;
			buildSettings = {
				ASSETCATALOG_COMPILER_APPICON_NAME = AppIcon;
				CODE_SIGN_STYLE = Automatic;
				INFOPLIST_FILE = GradientProgressViewExample/Info.plist;
				LD_RUNPATH_SEARCH_PATHS = (
					"$(inherited)",
					"@executable_path/Frameworks",
				);
				PRODUCT_BUNDLE_IDENTIFIER = com.carefree.GradientProgressViewExample;
				PRODUCT_NAME = "$(TARGET_NAME)";
				SWIFT_VERSION = 5.0;
				TARGETED_DEVICE_FAMILY = "1,2";
			};
			name = Release;
		};
/* End XCBuildConfiguration section */

/* Begin XCConfigurationList section */
		17E071162494B2CD0074069F /* Build configuration list for PBXProject "GradientProgressViewExample" */ = {
			isa = XCConfigurationList;
			buildConfigurations = (
				17E0712D2494B2D10074069F /* Debug */,
				17E0712E2494B2D10074069F /* Release */,
			);
			defaultConfigurationIsVisible = 0;
			defaultConfigurationName = Release;
		};
		17E0712F2494B2D10074069F /* Build configuration list for PBXNativeTarget "GradientProgressViewExample" */ = {
			isa = XCConfigurationList;
			buildConfigurations = (
				17E071302494B2D10074069F /* Debug */,
				17E071312494B2D10074069F /* Release */,
			);
			defaultConfigurationIsVisible = 0;
			defaultConfigurationName = Release;
		};
/* End XCConfigurationList section */
	};
	rootObject = 17E071132494B2CD0074069F /* Project object */;
}
